
Microsoft Visual Studio Solution File, Format Version 12.00
# Visual Studio 15
VisualStudioVersion = 15.0.28307.136
MinimumVisualStudioVersion = 10.0.40219.1
Project("{8BC9CEB8-8B4A-11D0-8D11-00A0C91BC942}") = "Exercise-2.18-PointerBasicUSse", "Exercise-2.18-PointerBasicUSse\Exercise-2.18-PointerBasicUSse.vcxproj", "{6B4B32CC-295F-44FC-B310-DD9BC226E1D4}"
EndProject
Project("{8BC9CEB8-8B4A-11D0-8D11-00A0C91BC942}") = "Exercise-2.39-StructNoSemicolon", "Exercise-2.39-StructNoSemicolon\Exercise-2.39-StructNoSemicolon.vcxproj", "{FEADE0A4-3842-40C3-B3FF-6F0BF9A92BCE}"
EndProject
Project("{8BC9CEB8-8B4A-11D0-8D11-00A0C91BC942}") = "Exercise-3.2-ReadLine", "Exercise-3.2-ReadLine\Exercise-3.2-ReadLine.vcxproj", "{2CC3909B-6EAE-419D-9ADA-2B1102061604}"
EndProject
Project("{8BC9CEB8-8B4A-11D0-8D11-00A0C91BC942}") = "Exercise-3.2-ReadWord", "Exercise-3.2-ReadWord\Exercise-3.2-ReadWord.vcxproj", "{0EBAFE5B-24DC-4A41-94E9-DA8F6589FCF3}"
EndProject
Project("{8BC9CEB8-8B4A-11D0-8D11-00A0C91BC942}") = "Exercise-3.4-StringComparison", "Exercise-3.4-StringComparison\Exercise-3.4-StringComparison.vcxproj", "{239EA969-8567-4BCE-8A45-B55F5A5B6A13}"
EndProject
Project("{8BC9CEB8-8B4A-11D0-8D11-00A0C91BC942}") = "Exercise-3.4-StringCompareLength", "Exercise-3.4-StringCompareLength\Exercise-3.4-StringCompareLength.vcxproj", "{2BFD935F-011C-4727-AA55-12DA0510A2C5}"
EndProject
Project("{8BC9CEB8-8B4A-11D0-8D11-00A0C91BC942}") = "Exercise-3.5-StringConcatenation", "Exercise-3.5-StringConcatenation\Exercise-3.5-StringConcatenation.vcxproj", "{6A1201E7-7C67-456B-BB1E-3D223C75D789}"
EndProject
Project("{8BC9CEB8-8B4A-11D0-8D11-00A0C91BC942}") = "Exercise-2.4-UnsignedSignedOperations", "Exercise-2.4-UnsignedSignedOperations\UnsignedSignedOperations.vcxproj", "{3F9B2846-5225-462C-92B4-5FE0FD320F8E}"
EndProject
Project("{8BC9CEB8-8B4A-11D0-8D11-00A0C91BC942}") = "Exercise-3.8-StringLoopCharAffectation", "Exercise-3.8-StringLoopCharAffectation\Exercise-3.8-StringLoopCharAffectation.vcxproj", "{3B2879E2-61D0-46E0-8938-C67BA4D50D31}"
EndProject
Project("{8BC9CEB8-8B4A-11D0-8D11-00A0C91BC942}") = "Exercise-3.10-ReadStringAndRemovePunctuation", "Exercise-3.10-ReadStringAndRemovePunctuation\Exercise-3.10-ReadStringAndRemovePunctuation.vcxproj", "{BF2B3381-B9EB-42F7-ABAA-492A77BAF3FC}"
EndProject
Project("{8BC9CEB8-8B4A-11D0-8D11-00A0C91BC942}") = "Exercise-3.14-VectorInputInts", "Exercise-3.14-VectorInputInts\Exercise-3.14-VectorInputInts.vcxproj", "{38DF74EF-C820-4DE3-A8E6-6E0074D6E328}"
EndProject
Project("{8BC9CEB8-8B4A-11D0-8D11-00A0C91BC942}") = "Exercise-3.15-VectorInputStrings", "Exercise-3.15-VectorInputStrings\Exercise-3.15-VectorInputStrings.vcxproj", "{3F07E7C2-49FD-41BB-B48D-02728234374A}"
EndProject
Project("{8BC9CEB8-8B4A-11D0-8D11-00A0C91BC942}") = "Exercise-3.23-IteratorLoop", "Exercise-3.23-IteratorLoop\Exercise-3.23-IteratorLoop.vcxproj", "{D2D77487-4444-4B2A-8F0A-B053E3E14C5C}"
EndProject
Project("{8BC9CEB8-8B4A-11D0-8D11-00A0C91BC942}") = "Exercise-3.32-ArrayInitAndCopy", "Exercise-3.32-ArrayInitAndCopy\Exercise-3.32-ArrayInitAndCopy.vcxproj", "{B4CA2BBF-03D7-4FA5-A456-F4A1A1AA0223}"
EndProject
Global
	GlobalSection(SolutionConfigurationPlatforms) = preSolution
		Debug|x64 = Debug|x64
		Debug|x86 = Debug|x86
		Release|x64 = Release|x64
		Release|x86 = Release|x86
	EndGlobalSection
	GlobalSection(ProjectConfigurationPlatforms) = postSolution
		{6B4B32CC-295F-44FC-B310-DD9BC226E1D4}.Debug|x64.ActiveCfg = Debug|x64
		{6B4B32CC-295F-44FC-B310-DD9BC226E1D4}.Debug|x64.Build.0 = Debug|x64
		{6B4B32CC-295F-44FC-B310-DD9BC226E1D4}.Debug|x86.ActiveCfg = Debug|Win32
		{6B4B32CC-295F-44FC-B310-DD9BC226E1D4}.Debug|x86.Build.0 = Debug|Win32
		{6B4B32CC-295F-44FC-B310-DD9BC226E1D4}.Release|x64.ActiveCfg = Release|x64
		{6B4B32CC-295F-44FC-B310-DD9BC226E1D4}.Release|x64.Build.0 = Release|x64
		{6B4B32CC-295F-44FC-B310-DD9BC226E1D4}.Release|x86.ActiveCfg = Release|Win32
		{6B4B32CC-295F-44FC-B310-DD9BC226E1D4}.Release|x86.Build.0 = Release|Win32
		{FEADE0A4-3842-40C3-B3FF-6F0BF9A92BCE}.Debug|x64.ActiveCfg = Debug|x64
		{FEADE0A4-3842-40C3-B3FF-6F0BF9A92BCE}.Debug|x64.Build.0 = Debug|x64
		{FEADE0A4-3842-40C3-B3FF-6F0BF9A92BCE}.Debug|x86.ActiveCfg = Debug|Win32
		{FEADE0A4-3842-40C3-B3FF-6F0BF9A92BCE}.Debug|x86.Build.0 = Debug|Win32
		{FEADE0A4-3842-40C3-B3FF-6F0BF9A92BCE}.Release|x64.ActiveCfg = Release|x64
		{FEADE0A4-3842-40C3-B3FF-6F0BF9A92BCE}.Release|x64.Build.0 = Release|x64
		{FEADE0A4-3842-40C3-B3FF-6F0BF9A92BCE}.Release|x86.ActiveCfg = Release|Win32
		{FEADE0A4-3842-40C3-B3FF-6F0BF9A92BCE}.Release|x86.Build.0 = Release|Win32
		{2CC3909B-6EAE-419D-9ADA-2B1102061604}.Debug|x64.ActiveCfg = Debug|x64
		{2CC3909B-6EAE-419D-9ADA-2B1102061604}.Debug|x64.Build.0 = Debug|x64
		{2CC3909B-6EAE-419D-9ADA-2B1102061604}.Debug|x86.ActiveCfg = Debug|Win32
		{2CC3909B-6EAE-419D-9ADA-2B1102061604}.Debug|x86.Build.0 = Debug|Win32
		{2CC3909B-6EAE-419D-9ADA-2B1102061604}.Release|x64.ActiveCfg = Release|x64
		{2CC3909B-6EAE-419D-9ADA-2B1102061604}.Release|x64.Build.0 = Release|x64
		{2CC3909B-6EAE-419D-9ADA-2B1102061604}.Release|x86.ActiveCfg = Release|Win32
		{2CC3909B-6EAE-419D-9ADA-2B1102061604}.Release|x86.Build.0 = Release|Win32
		{0EBAFE5B-24DC-4A41-94E9-DA8F6589FCF3}.Debug|x64.ActiveCfg = Debug|x64
		{0EBAFE5B-24DC-4A41-94E9-DA8F6589FCF3}.Debug|x64.Build.0 = Debug|x64
		{0EBAFE5B-24DC-4A41-94E9-DA8F6589FCF3}.Debug|x86.ActiveCfg = Debug|Win32
		{0EBAFE5B-24DC-4A41-94E9-DA8F6589FCF3}.Debug|x86.Build.0 = Debug|Win32
		{0EBAFE5B-24DC-4A41-94E9-DA8F6589FCF3}.Release|x64.ActiveCfg = Release|x64
		{0EBAFE5B-24DC-4A41-94E9-DA8F6589FCF3}.Release|x64.Build.0 = Release|x64
		{0EBAFE5B-24DC-4A41-94E9-DA8F6589FCF3}.Release|x86.ActiveCfg = Release|Win32
		{0EBAFE5B-24DC-4A41-94E9-DA8F6589FCF3}.Release|x86.Build.0 = Release|Win32
		{239EA969-8567-4BCE-8A45-B55F5A5B6A13}.Debug|x64.ActiveCfg = Debug|x64
		{239EA969-8567-4BCE-8A45-B55F5A5B6A13}.Debug|x64.Build.0 = Debug|x64
		{239EA969-8567-4BCE-8A45-B55F5A5B6A13}.Debug|x86.ActiveCfg = Debug|Win32
		{239EA969-8567-4BCE-8A45-B55F5A5B6A13}.Debug|x86.Build.0 = Debug|Win32
		{239EA969-8567-4BCE-8A45-B55F5A5B6A13}.Release|x64.ActiveCfg = Release|x64
		{239EA969-8567-4BCE-8A45-B55F5A5B6A13}.Release|x64.Build.0 = Release|x64
		{239EA969-8567-4BCE-8A45-B55F5A5B6A13}.Release|x86.ActiveCfg = Release|Win32
		{239EA969-8567-4BCE-8A45-B55F5A5B6A13}.Release|x86.Build.0 = Release|Win32
		{2BFD935F-011C-4727-AA55-12DA0510A2C5}.Debug|x64.ActiveCfg = Debug|x64
		{2BFD935F-011C-4727-AA55-12DA0510A2C5}.Debug|x64.Build.0 = Debug|x64
		{2BFD935F-011C-4727-AA55-12DA0510A2C5}.Debug|x86.ActiveCfg = Debug|Win32
		{2BFD935F-011C-4727-AA55-12DA0510A2C5}.Debug|x86.Build.0 = Debug|Win32
		{2BFD935F-011C-4727-AA55-12DA0510A2C5}.Release|x64.ActiveCfg = Release|x64
		{2BFD935F-011C-4727-AA55-12DA0510A2C5}.Release|x64.Build.0 = Release|x64
		{2BFD935F-011C-4727-AA55-12DA0510A2C5}.Release|x86.ActiveCfg = Release|Win32
		{2BFD935F-011C-4727-AA55-12DA0510A2C5}.Release|x86.Build.0 = Release|Win32
		{6A1201E7-7C67-456B-BB1E-3D223C75D789}.Debug|x64.ActiveCfg = Debug|x64
		{6A1201E7-7C67-456B-BB1E-3D223C75D789}.Debug|x64.Build.0 = Debug|x64
		{6A1201E7-7C67-456B-BB1E-3D223C75D789}.Debug|x86.ActiveCfg = Debug|Win32
		{6A1201E7-7C67-456B-BB1E-3D223C75D789}.Debug|x86.Build.0 = Debug|Win32
		{6A1201E7-7C67-456B-BB1E-3D223C75D789}.Release|x64.ActiveCfg = Release|x64
		{6A1201E7-7C67-456B-BB1E-3D223C75D789}.Release|x64.Build.0 = Release|x64
		{6A1201E7-7C67-456B-BB1E-3D223C75D789}.Release|x86.ActiveCfg = Release|Win32
		{6A1201E7-7C67-456B-BB1E-3D223C75D789}.Release|x86.Build.0 = Release|Win32
		{3F9B2846-5225-462C-92B4-5FE0FD320F8E}.Debug|x64.ActiveCfg = Debug|x64
		{3F9B2846-5225-462C-92B4-5FE0FD320F8E}.Debug|x64.Build.0 = Debug|x64
		{3F9B2846-5225-462C-92B4-5FE0FD320F8E}.Debug|x86.ActiveCfg = Debug|Win32
		{3F9B2846-5225-462C-92B4-5FE0FD320F8E}.Debug|x86.Build.0 = Debug|Win32
		{3F9B2846-5225-462C-92B4-5FE0FD320F8E}.Release|x64.ActiveCfg = Release|x64
		{3F9B2846-5225-462C-92B4-5FE0FD320F8E}.Release|x64.Build.0 = Release|x64
		{3F9B2846-5225-462C-92B4-5FE0FD320F8E}.Release|x86.ActiveCfg = Release|Win32
		{3F9B2846-5225-462C-92B4-5FE0FD320F8E}.Release|x86.Build.0 = Release|Win32
		{3B2879E2-61D0-46E0-8938-C67BA4D50D31}.Debug|x64.ActiveCfg = Debug|x64
		{3B2879E2-61D0-46E0-8938-C67BA4D50D31}.Debug|x64.Build.0 = Debug|x64
		{3B2879E2-61D0-46E0-8938-C67BA4D50D31}.Debug|x86.ActiveCfg = Debug|Win32
		{3B2879E2-61D0-46E0-8938-C67BA4D50D31}.Debug|x86.Build.0 = Debug|Win32
		{3B2879E2-61D0-46E0-8938-C67BA4D50D31}.Release|x64.ActiveCfg = Release|x64
		{3B2879E2-61D0-46E0-8938-C67BA4D50D31}.Release|x64.Build.0 = Release|x64
		{3B2879E2-61D0-46E0-8938-C67BA4D50D31}.Release|x86.ActiveCfg = Release|Win32
		{3B2879E2-61D0-46E0-8938-C67BA4D50D31}.Release|x86.Build.0 = Release|Win32
		{BF2B3381-B9EB-42F7-ABAA-492A77BAF3FC}.Debug|x64.ActiveCfg = Debug|x64
		{BF2B3381-B9EB-42F7-ABAA-492A77BAF3FC}.Debug|x64.Build.0 = Debug|x64
		{BF2B3381-B9EB-42F7-ABAA-492A77BAF3FC}.Debug|x86.ActiveCfg = Debug|Win32
		{BF2B3381-B9EB-42F7-ABAA-492A77BAF3FC}.Debug|x86.Build.0 = Debug|Win32
		{BF2B3381-B9EB-42F7-ABAA-492A77BAF3FC}.Release|x64.ActiveCfg = Release|x64
		{BF2B3381-B9EB-42F7-ABAA-492A77BAF3FC}.Release|x64.Build.0 = Release|x64
		{BF2B3381-B9EB-42F7-ABAA-492A77BAF3FC}.Release|x86.ActiveCfg = Release|Win32
		{BF2B3381-B9EB-42F7-ABAA-492A77BAF3FC}.Release|x86.Build.0 = Release|Win32
		{38DF74EF-C820-4DE3-A8E6-6E0074D6E328}.Debug|x64.ActiveCfg = Debug|x64
		{38DF74EF-C820-4DE3-A8E6-6E0074D6E328}.Debug|x64.Build.0 = Debug|x64
		{38DF74EF-C820-4DE3-A8E6-6E0074D6E328}.Debug|x86.ActiveCfg = Debug|Win32
		{38DF74EF-C820-4DE3-A8E6-6E0074D6E328}.Debug|x86.Build.0 = Debug|Win32
		{38DF74EF-C820-4DE3-A8E6-6E0074D6E328}.Release|x64.ActiveCfg = Release|x64
		{38DF74EF-C820-4DE3-A8E6-6E0074D6E328}.Release|x64.Build.0 = Release|x64
		{38DF74EF-C820-4DE3-A8E6-6E0074D6E328}.Release|x86.ActiveCfg = Release|Win32
		{38DF74EF-C820-4DE3-A8E6-6E0074D6E328}.Release|x86.Build.0 = Release|Win32
		{3F07E7C2-49FD-41BB-B48D-02728234374A}.Debug|x64.ActiveCfg = Debug|x64
		{3F07E7C2-49FD-41BB-B48D-02728234374A}.Debug|x64.Build.0 = Debug|x64
		{3F07E7C2-49FD-41BB-B48D-02728234374A}.Debug|x86.ActiveCfg = Debug|Win32
		{3F07E7C2-49FD-41BB-B48D-02728234374A}.Debug|x86.Build.0 = Debug|Win32
		{3F07E7C2-49FD-41BB-B48D-02728234374A}.Release|x64.ActiveCfg = Release|x64
		{3F07E7C2-49FD-41BB-B48D-02728234374A}.Release|x64.Build.0 = Release|x64
		{3F07E7C2-49FD-41BB-B48D-02728234374A}.Release|x86.ActiveCfg = Release|Win32
		{3F07E7C2-49FD-41BB-B48D-02728234374A}.Release|x86.Build.0 = Release|Win32
		{D2D77487-4444-4B2A-8F0A-B053E3E14C5C}.Debug|x64.ActiveCfg = Debug|x64
		{D2D77487-4444-4B2A-8F0A-B053E3E14C5C}.Debug|x64.Build.0 = Debug|x64
		{D2D77487-4444-4B2A-8F0A-B053E3E14C5C}.Debug|x86.ActiveCfg = Debug|Win32
		{D2D77487-4444-4B2A-8F0A-B053E3E14C5C}.Debug|x86.Build.0 = Debug|Win32
		{D2D77487-4444-4B2A-8F0A-B053E3E14C5C}.Release|x64.ActiveCfg = Release|x64
		{D2D77487-4444-4B2A-8F0A-B053E3E14C5C}.Release|x64.Build.0 = Release|x64
		{D2D77487-4444-4B2A-8F0A-B053E3E14C5C}.Release|x86.ActiveCfg = Release|Win32
		{D2D77487-4444-4B2A-8F0A-B053E3E14C5C}.Release|x86.Build.0 = Release|Win32
		{B4CA2BBF-03D7-4FA5-A456-F4A1A1AA0223}.Debug|x64.ActiveCfg = Debug|x64
		{B4CA2BBF-03D7-4FA5-A456-F4A1A1AA0223}.Debug|x64.Build.0 = Debug|x64
		{B4CA2BBF-03D7-4FA5-A456-F4A1A1AA0223}.Debug|x86.ActiveCfg = Debug|Win32
		{B4CA2BBF-03D7-4FA5-A456-F4A1A1AA0223}.Debug|x86.Build.0 = Debug|Win32
		{B4CA2BBF-03D7-4FA5-A456-F4A1A1AA0223}.Release|x64.ActiveCfg = Release|x64
		{B4CA2BBF-03D7-4FA5-A456-F4A1A1AA0223}.Release|x64.Build.0 = Release|x64
		{B4CA2BBF-03D7-4FA5-A456-F4A1A1AA0223}.Release|x86.ActiveCfg = Release|Win32
		{B4CA2BBF-03D7-4FA5-A456-F4A1A1AA0223}.Release|x86.Build.0 = Release|Win32
	EndGlobalSection
	GlobalSection(SolutionProperties) = preSolution
		HideSolutionNode = FALSE
	EndGlobalSection
	GlobalSection(ExtensibilityGlobals) = postSolution
		SolutionGuid = {6999D75E-F47D-4894-BD63-5AF582450F4A}
	EndGlobalSection
EndGlobal
