
Microsoft Visual Studio Solution File, Format Version 12.00
# Visual Studio 15
VisualStudioVersion = 15.0.28307.136
MinimumVisualStudioVersion = 10.0.40219.1
Project("{8BC9CEB8-8B4A-11D0-8D11-00A0C91BC942}") = "Exercise-2.4-UnsignedSignedOperations", "UnsignedSignedOperations\UnsignedSignedOperations.vcxproj", "{3F9B2846-5225-462C-92B4-5FE0FD320F8E}"
EndProject
Project("{8BC9CEB8-8B4A-11D0-8D11-00A0C91BC942}") = "Exercise-2.18-PointerBasicUSse", "Exercise-2.18-PointerBasicUSse\Exercise-2.18-PointerBasicUSse.vcxproj", "{6B4B32CC-295F-44FC-B310-DD9BC226E1D4}"
EndProject
Project("{8BC9CEB8-8B4A-11D0-8D11-00A0C91BC942}") = "Exercise-2.39-StructNoSemicolon", "Exercise-2.39-StructNoSemicolon\Exercise-2.39-StructNoSemicolon.vcxproj", "{FEADE0A4-3842-40C3-B3FF-6F0BF9A92BCE}"
EndProject
Project("{8BC9CEB8-8B4A-11D0-8D11-00A0C91BC942}") = "Exercise-3.2-ReadLine", "Exercise-3.2-ReadLine\Exercise-3.2-ReadLine.vcxproj", "{2CC3909B-6EAE-419D-9ADA-2B1102061604}"
EndProject
Project("{8BC9CEB8-8B4A-11D0-8D11-00A0C91BC942}") = "Exercise-3.2-ReadWord", "Exercise-3.2-ReadWord\Exercise-3.2-ReadWord.vcxproj", "{0EBAFE5B-24DC-4A41-94E9-DA8F6589FCF3}"
EndProject
Global
	GlobalSection(SolutionConfigurationPlatforms) = preSolution
		Debug|x64 = Debug|x64
		Debug|x86 = Debug|x86
		Release|x64 = Release|x64
		Release|x86 = Release|x86
	EndGlobalSection
	GlobalSection(ProjectConfigurationPlatforms) = postSolution
		{3F9B2846-5225-462C-92B4-5FE0FD320F8E}.Debug|x64.ActiveCfg = Debug|x64
		{3F9B2846-5225-462C-92B4-5FE0FD320F8E}.Debug|x64.Build.0 = Debug|x64
		{3F9B2846-5225-462C-92B4-5FE0FD320F8E}.Debug|x86.ActiveCfg = Debug|Win32
		{3F9B2846-5225-462C-92B4-5FE0FD320F8E}.Debug|x86.Build.0 = Debug|Win32
		{3F9B2846-5225-462C-92B4-5FE0FD320F8E}.Release|x64.ActiveCfg = Release|x64
		{3F9B2846-5225-462C-92B4-5FE0FD320F8E}.Release|x64.Build.0 = Release|x64
		{3F9B2846-5225-462C-92B4-5FE0FD320F8E}.Release|x86.ActiveCfg = Release|Win32
		{3F9B2846-5225-462C-92B4-5FE0FD320F8E}.Release|x86.Build.0 = Release|Win32
		{6B4B32CC-295F-44FC-B310-DD9BC226E1D4}.Debug|x64.ActiveCfg = Debug|x64
		{6B4B32CC-295F-44FC-B310-DD9BC226E1D4}.Debug|x64.Build.0 = Debug|x64
		{6B4B32CC-295F-44FC-B310-DD9BC226E1D4}.Debug|x86.ActiveCfg = Debug|Win32
		{6B4B32CC-295F-44FC-B310-DD9BC226E1D4}.Debug|x86.Build.0 = Debug|Win32
		{6B4B32CC-295F-44FC-B310-DD9BC226E1D4}.Release|x64.ActiveCfg = Release|x64
		{6B4B32CC-295F-44FC-B310-DD9BC226E1D4}.Release|x64.Build.0 = Release|x64
		{6B4B32CC-295F-44FC-B310-DD9BC226E1D4}.Release|x86.ActiveCfg = Release|Win32
		{6B4B32CC-295F-44FC-B310-DD9BC226E1D4}.Release|x86.Build.0 = Release|Win32
		{FEADE0A4-3842-40C3-B3FF-6F0BF9A92BCE}.Debug|x64.ActiveCfg = Debug|x64
		{FEADE0A4-3842-40C3-B3FF-6F0BF9A92BCE}.Debug|x64.Build.0 = Debug|x64
		{FEADE0A4-3842-40C3-B3FF-6F0BF9A92BCE}.Debug|x86.ActiveCfg = Debug|Win32
		{FEADE0A4-3842-40C3-B3FF-6F0BF9A92BCE}.Debug|x86.Build.0 = Debug|Win32
		{FEADE0A4-3842-40C3-B3FF-6F0BF9A92BCE}.Release|x64.ActiveCfg = Release|x64
		{FEADE0A4-3842-40C3-B3FF-6F0BF9A92BCE}.Release|x64.Build.0 = Release|x64
		{FEADE0A4-3842-40C3-B3FF-6F0BF9A92BCE}.Release|x86.ActiveCfg = Release|Win32
		{FEADE0A4-3842-40C3-B3FF-6F0BF9A92BCE}.Release|x86.Build.0 = Release|Win32
		{2CC3909B-6EAE-419D-9ADA-2B1102061604}.Debug|x64.ActiveCfg = Debug|x64
		{2CC3909B-6EAE-419D-9ADA-2B1102061604}.Debug|x64.Build.0 = Debug|x64
		{2CC3909B-6EAE-419D-9ADA-2B1102061604}.Debug|x86.ActiveCfg = Debug|Win32
		{2CC3909B-6EAE-419D-9ADA-2B1102061604}.Debug|x86.Build.0 = Debug|Win32
		{2CC3909B-6EAE-419D-9ADA-2B1102061604}.Release|x64.ActiveCfg = Release|x64
		{2CC3909B-6EAE-419D-9ADA-2B1102061604}.Release|x64.Build.0 = Release|x64
		{2CC3909B-6EAE-419D-9ADA-2B1102061604}.Release|x86.ActiveCfg = Release|Win32
		{2CC3909B-6EAE-419D-9ADA-2B1102061604}.Release|x86.Build.0 = Release|Win32
		{0EBAFE5B-24DC-4A41-94E9-DA8F6589FCF3}.Debug|x64.ActiveCfg = Debug|x64
		{0EBAFE5B-24DC-4A41-94E9-DA8F6589FCF3}.Debug|x64.Build.0 = Debug|x64
		{0EBAFE5B-24DC-4A41-94E9-DA8F6589FCF3}.Debug|x86.ActiveCfg = Debug|Win32
		{0EBAFE5B-24DC-4A41-94E9-DA8F6589FCF3}.Debug|x86.Build.0 = Debug|Win32
		{0EBAFE5B-24DC-4A41-94E9-DA8F6589FCF3}.Release|x64.ActiveCfg = Release|x64
		{0EBAFE5B-24DC-4A41-94E9-DA8F6589FCF3}.Release|x64.Build.0 = Release|x64
		{0EBAFE5B-24DC-4A41-94E9-DA8F6589FCF3}.Release|x86.ActiveCfg = Release|Win32
		{0EBAFE5B-24DC-4A41-94E9-DA8F6589FCF3}.Release|x86.Build.0 = Release|Win32
	EndGlobalSection
	GlobalSection(SolutionProperties) = preSolution
		HideSolutionNode = FALSE
	EndGlobalSection
	GlobalSection(ExtensibilityGlobals) = postSolution
		SolutionGuid = {6999D75E-F47D-4894-BD63-5AF582450F4A}
	EndGlobalSection
EndGlobal
